
Microsoft Visual Studio Solution File, Format Version 12.00
Project("{2150E333-8FDC-42A3-9474-1A3956D46DE8}") = "Libs", "Libs", "{A458DF4F-25DC-4A28-8DC7-E76F9BA3C22E}"
EndProject
Project("{FAE04EC0-301F-11D3-BF4B-00C04F79EFBC}") = "Foster.Framework", "..\..\Libs\Foster\Framework\Foster.Framework.csproj", "{4E588C41-4BC5-4349-92F8-11AE08DC79C1}"
EndProject
Project("{FAE04EC0-301F-11D3-BF4B-00C04F79EFBC}") = "DragonECS", "..\..\Libs\DragonECS\DragonECS.csproj", "{EAD1F6DF-0BF5-4695-B7BD-3C09CE03B600}"
EndProject
Project("{FAE04EC0-301F-11D3-BF4B-00C04F79EFBC}") = "Box2D.NET", "..\..\Libs\Box2D.NET\Box2D.NET.csproj", "{69D08EDE-7E98-487A-B268-69FB13B37F3E}"
EndProject
Project("{FAE04EC0-301F-11D3-BF4B-00C04F79EFBC}") = "Foster.Audio", "..\..\Libs\Foster.Audio\Foster.Audio\Foster.Audio.csproj", "{7B6BA99F-AE2D-4823-A148-F8BF8C49B212}"
EndProject
Project("{FAE04EC0-301F-11D3-BF4B-00C04F79EFBC}") = "Engine", "..\..\Libs\Engine\Engine.csproj", "{14483FB7-AAB8-4BBA-89D1-8C0B62F2E4A5}"
EndProject
Project("{FAE04EC0-301F-11D3-BF4B-00C04F79EFBC}") = "DragonECS-AutoInjections", "..\..\Libs\DragonECS-AutoInjections\DragonECS-AutoInjections.csproj", "{029C2FE8-84E1-43E5-8E7C-F6FD6BBF63DC}"
EndProject
Project("{FAE04EC0-301F-11D3-BF4B-00C04F79EFBC}") = "Game0", "Game0.csproj", "{389EAEB9-3D74-461E-ACE4-697221A0739F}"
EndProject
Global
	GlobalSection(SolutionConfigurationPlatforms) = preSolution
		Debug|Any CPU = Debug|Any CPU
		Release|Any CPU = Release|Any CPU
	EndGlobalSection
	GlobalSection(ProjectConfigurationPlatforms) = postSolution
		{4E588C41-4BC5-4349-92F8-11AE08DC79C1}.Debug|Any CPU.ActiveCfg = Debug|Any CPU
		{4E588C41-4BC5-4349-92F8-11AE08DC79C1}.Debug|Any CPU.Build.0 = Debug|Any CPU
		{4E588C41-4BC5-4349-92F8-11AE08DC79C1}.Release|Any CPU.ActiveCfg = Release|Any CPU
		{4E588C41-4BC5-4349-92F8-11AE08DC79C1}.Release|Any CPU.Build.0 = Release|Any CPU
		{EAD1F6DF-0BF5-4695-B7BD-3C09CE03B600}.Debug|Any CPU.ActiveCfg = Debug|Any CPU
		{EAD1F6DF-0BF5-4695-B7BD-3C09CE03B600}.Debug|Any CPU.Build.0 = Debug|Any CPU
		{EAD1F6DF-0BF5-4695-B7BD-3C09CE03B600}.Release|Any CPU.ActiveCfg = Release|Any CPU
		{EAD1F6DF-0BF5-4695-B7BD-3C09CE03B600}.Release|Any CPU.Build.0 = Release|Any CPU
		{69D08EDE-7E98-487A-B268-69FB13B37F3E}.Debug|Any CPU.ActiveCfg = Debug|Any CPU
		{69D08EDE-7E98-487A-B268-69FB13B37F3E}.Debug|Any CPU.Build.0 = Debug|Any CPU
		{69D08EDE-7E98-487A-B268-69FB13B37F3E}.Release|Any CPU.ActiveCfg = Release|Any CPU
		{69D08EDE-7E98-487A-B268-69FB13B37F3E}.Release|Any CPU.Build.0 = Release|Any CPU
		{7B6BA99F-AE2D-4823-A148-F8BF8C49B212}.Debug|Any CPU.ActiveCfg = Debug|Any CPU
		{7B6BA99F-AE2D-4823-A148-F8BF8C49B212}.Debug|Any CPU.Build.0 = Debug|Any CPU
		{7B6BA99F-AE2D-4823-A148-F8BF8C49B212}.Release|Any CPU.ActiveCfg = Release|Any CPU
		{7B6BA99F-AE2D-4823-A148-F8BF8C49B212}.Release|Any CPU.Build.0 = Release|Any CPU
		{14483FB7-AAB8-4BBA-89D1-8C0B62F2E4A5}.Debug|Any CPU.ActiveCfg = Debug|Any CPU
		{14483FB7-AAB8-4BBA-89D1-8C0B62F2E4A5}.Debug|Any CPU.Build.0 = Debug|Any CPU
		{14483FB7-AAB8-4BBA-89D1-8C0B62F2E4A5}.Release|Any CPU.ActiveCfg = Release|Any CPU
		{14483FB7-AAB8-4BBA-89D1-8C0B62F2E4A5}.Release|Any CPU.Build.0 = Release|Any CPU
		{029C2FE8-84E1-43E5-8E7C-F6FD6BBF63DC}.Debug|Any CPU.ActiveCfg = Debug|Any CPU
		{029C2FE8-84E1-43E5-8E7C-F6FD6BBF63DC}.Debug|Any CPU.Build.0 = Debug|Any CPU
		{029C2FE8-84E1-43E5-8E7C-F6FD6BBF63DC}.Release|Any CPU.ActiveCfg = Release|Any CPU
		{029C2FE8-84E1-43E5-8E7C-F6FD6BBF63DC}.Release|Any CPU.Build.0 = Release|Any CPU
		{389EAEB9-3D74-461E-ACE4-697221A0739F}.Debug|Any CPU.ActiveCfg = Debug|Any CPU
		{389EAEB9-3D74-461E-ACE4-697221A0739F}.Debug|Any CPU.Build.0 = Debug|Any CPU
		{389EAEB9-3D74-461E-ACE4-697221A0739F}.Release|Any CPU.ActiveCfg = Release|Any CPU
		{389EAEB9-3D74-461E-ACE4-697221A0739F}.Release|Any CPU.Build.0 = Release|Any CPU
	EndGlobalSection
	GlobalSection(NestedProjects) = preSolution
		{4E588C41-4BC5-4349-92F8-11AE08DC79C1} = {A458DF4F-25DC-4A28-8DC7-E76F9BA3C22E}
		{EAD1F6DF-0BF5-4695-B7BD-3C09CE03B600} = {A458DF4F-25DC-4A28-8DC7-E76F9BA3C22E}
		{69D08EDE-7E98-487A-B268-69FB13B37F3E} = {A458DF4F-25DC-4A28-8DC7-E76F9BA3C22E}
		{7B6BA99F-AE2D-4823-A148-F8BF8C49B212} = {A458DF4F-25DC-4A28-8DC7-E76F9BA3C22E}
		{14483FB7-AAB8-4BBA-89D1-8C0B62F2E4A5} = {A458DF4F-25DC-4A28-8DC7-E76F9BA3C22E}
		{029C2FE8-84E1-43E5-8E7C-F6FD6BBF63DC} = {A458DF4F-25DC-4A28-8DC7-E76F9BA3C22E}
	EndGlobalSection
EndGlobal
